// !$*UTF8*$!
{
	archiveVersion = 1;
	classes = {
	};
	objectVersion = 46;
	objects = {

/* Begin PBXBuildFile section */
		DC47861A1E29C4A500DC3055 /* ImageAnimationViewController.m in Sources */ = {isa = PBXBuildFile; fileRef = DC4786191E29C4A500DC3055 /* ImageAnimationViewController.m */; };
		DC5E8AA31DFBEBC400597663 /* main.m in Sources */ = {isa = PBXBuildFile; fileRef = DC5E8AA21DFBEBC400597663 /* main.m */; };
		DC5E8AA61DFBEBC400597663 /* AppDelegate.m in Sources */ = {isa = PBXBuildFile; fileRef = DC5E8AA51DFBEBC400597663 /* AppDelegate.m */; };
		DC5E8AA91DFBEBC400597663 /* ViewController.m in Sources */ = {isa = PBXBuildFile; fileRef = DC5E8AA81DFBEBC400597663 /* ViewController.m */; };
		DC5E8AAC1DFBEBC400597663 /* Main.storyboard in Resources */ = {isa = PBXBuildFile; fileRef = DC5E8AAA1DFBEBC400597663 /* Main.storyboard */; };
		DC5E8AAE1DFBEBC400597663 /* Assets.xcassets in Resources */ = {isa = PBXBuildFile; fileRef = DC5E8AAD1DFBEBC400597663 /* Assets.xcassets */; };
		DC5E8AB11DFBEBC400597663 /* LaunchScreen.storyboard in Resources */ = {isa = PBXBuildFile; fileRef = DC5E8AAF1DFBEBC400597663 /* LaunchScreen.storyboard */; };
		DC5E8ABC1DFBEBC400597663 /* AXAnimationChainTests.m in Sources */ = {isa = PBXBuildFile; fileRef = DC5E8ABB1DFBEBC400597663 /* AXAnimationChainTests.m */; };
		DC5E8AC71DFBEBC400597663 /* AXAnimationChainUITests.m in Sources */ = {isa = PBXBuildFile; fileRef = DC5E8AC61DFBEBC400597663 /* AXAnimationChainUITests.m */; };
		DC5E8AD71DFBED0000597663 /* UIView+ChainAnimator.m in Sources */ = {isa = PBXBuildFile; fileRef = DC5E8AD61DFBED0000597663 /* UIView+ChainAnimator.m */; };
		DC5E8ADA1DFBED8B00597663 /* AXChainAnimator.m in Sources */ = {isa = PBXBuildFile; fileRef = DC5E8AD91DFBED8B00597663 /* AXChainAnimator.m */; };
		DC788CF71E25CE5F001AF0B4 /* AXSpringAnimation.m in Sources */ = {isa = PBXBuildFile; fileRef = DC788CF21E25CE5F001AF0B4 /* AXSpringAnimation.m */; };
		DC788CF81E25CE5F001AF0B4 /* CAAnimation+Convertable.m in Sources */ = {isa = PBXBuildFile; fileRef = DC788CF41E25CE5F001AF0B4 /* CAAnimation+Convertable.m */; };
		DC788CF91E25CE5F001AF0B4 /* CAMediaTimingFunction+Extends.m in Sources */ = {isa = PBXBuildFile; fileRef = DC788CF61E25CE5F001AF0B4 /* CAMediaTimingFunction+Extends.m */; };
		DC80A97B1E1F2ED200729EAA /* AnimationConvertableViewController.m in Sources */ = {isa = PBXBuildFile; fileRef = DC80A97A1E1F2ED200729EAA /* AnimationConvertableViewController.m */; };
		DCAEB20F1E0C140D00E3AF99 /* UIView+AnimationChain.m in Sources */ = {isa = PBXBuildFile; fileRef = DCAEB20E1E0C140D00E3AF99 /* UIView+AnimationChain.m */; };
		DCC749841E2A292200237548 /* StageAnimationsViewController.swift in Sources */ = {isa = PBXBuildFile; fileRef = DCC749831E2A292200237548 /* StageAnimationsViewController.swift */; };
		DCC749871E2A506C00237548 /* UIView+Effects.m in Sources */ = {isa = PBXBuildFile; fileRef = DCC749861E2A506C00237548 /* UIView+Effects.m */; };
		DCC749891E2B436C00237548 /* AXChainAnimator+Block.m in Sources */ = {isa = PBXBuildFile; fileRef = DCC749881E2B436C00237548 /* AXChainAnimator+Block.m */; };
/* End PBXBuildFile section */

/* Begin PBXContainerItemProxy section */
		DC5E8AB81DFBEBC400597663 /* PBXContainerItemProxy */ = {
			isa = PBXContainerItemProxy;
			containerPortal = DC5E8A961DFBEBC400597663 /* Project object */;
			proxyType = 1;
			remoteGlobalIDString = DC5E8A9D1DFBEBC400597663;
			remoteInfo = AXAnimationChain;
		};
		DC5E8AC31DFBEBC400597663 /* PBXContainerItemProxy */ = {
			isa = PBXContainerItemProxy;
			containerPortal = DC5E8A961DFBEBC400597663 /* Project object */;
			proxyType = 1;
			remoteGlobalIDString = DC5E8A9D1DFBEBC400597663;
			remoteInfo = AXAnimationChain;
		};
/* End PBXContainerItemProxy section */

/* Begin PBXFileReference section */
		DC21DBBA1E1CCB9600E5C0E0 /* AXAnimationChain.h */ = {isa = PBXFileReference; lastKnownFileType = sourcecode.c.h; path = AXAnimationChain.h; sourceTree = "<group>"; };
		DC4786181E29C4A500DC3055 /* ImageAnimationViewController.h */ = {isa = PBXFileReference; fileEncoding = 4; lastKnownFileType = sourcecode.c.h; path = ImageAnimationViewController.h; sourceTree = "<group>"; };
		DC4786191E29C4A500DC3055 /* ImageAnimationViewController.m */ = {isa = PBXFileReference; fileEncoding = 4; lastKnownFileType = sourcecode.c.objc; path = ImageAnimationViewController.m; sourceTree = "<group>"; };
		DC5E8A9E1DFBEBC400597663 /* AXAnimationChain.app */ = {isa = PBXFileReference; explicitFileType = wrapper.application; includeInIndex = 0; path = AXAnimationChain.app; sourceTree = BUILT_PRODUCTS_DIR; };
		DC5E8AA21DFBEBC400597663 /* main.m */ = {isa = PBXFileReference; lastKnownFileType = sourcecode.c.objc; path = main.m; sourceTree = "<group>"; };
		DC5E8AA41DFBEBC400597663 /* AppDelegate.h */ = {isa = PBXFileReference; lastKnownFileType = sourcecode.c.h; path = AppDelegate.h; sourceTree = "<group>"; };
		DC5E8AA51DFBEBC400597663 /* AppDelegate.m */ = {isa = PBXFileReference; lastKnownFileType = sourcecode.c.objc; path = AppDelegate.m; sourceTree = "<group>"; };
		DC5E8AA71DFBEBC400597663 /* ViewController.h */ = {isa = PBXFileReference; lastKnownFileType = sourcecode.c.h; path = ViewController.h; sourceTree = "<group>"; };
		DC5E8AA81DFBEBC400597663 /* ViewController.m */ = {isa = PBXFileReference; lastKnownFileType = sourcecode.c.objc; path = ViewController.m; sourceTree = "<group>"; };
		DC5E8AAB1DFBEBC400597663 /* Base */ = {isa = PBXFileReference; lastKnownFileType = file.storyboard; name = Base; path = Base.lproj/Main.storyboard; sourceTree = "<group>"; };
		DC5E8AAD1DFBEBC400597663 /* Assets.xcassets */ = {isa = PBXFileReference; lastKnownFileType = folder.assetcatalog; path = Assets.xcassets; sourceTree = "<group>"; };
		DC5E8AB01DFBEBC400597663 /* Base */ = {isa = PBXFileReference; lastKnownFileType = file.storyboard; name = Base; path = Base.lproj/LaunchScreen.storyboard; sourceTree = "<group>"; };
		DC5E8AB21DFBEBC400597663 /* Info.plist */ = {isa = PBXFileReference; lastKnownFileType = text.plist.xml; path = Info.plist; sourceTree = "<group>"; };
		DC5E8AB71DFBEBC400597663 /* AXAnimationChainTests.xctest */ = {isa = PBXFileReference; explicitFileType = wrapper.cfbundle; includeInIndex = 0; path = AXAnimationChainTests.xctest; sourceTree = BUILT_PRODUCTS_DIR; };
		DC5E8ABB1DFBEBC400597663 /* AXAnimationChainTests.m */ = {isa = PBXFileReference; lastKnownFileType = sourcecode.c.objc; path = AXAnimationChainTests.m; sourceTree = "<group>"; };
		DC5E8ABD1DFBEBC400597663 /* Info.plist */ = {isa = PBXFileReference; lastKnownFileType = text.plist.xml; path = Info.plist; sourceTree = "<group>"; };
		DC5E8AC21DFBEBC400597663 /* AXAnimationChainUITests.xctest */ = {isa = PBXFileReference; explicitFileType = wrapper.cfbundle; includeInIndex = 0; path = AXAnimationChainUITests.xctest; sourceTree = BUILT_PRODUCTS_DIR; };
		DC5E8AC61DFBEBC400597663 /* AXAnimationChainUITests.m */ = {isa = PBXFileReference; lastKnownFileType = sourcecode.c.objc; path = AXAnimationChainUITests.m; sourceTree = "<group>"; };
		DC5E8AC81DFBEBC400597663 /* Info.plist */ = {isa = PBXFileReference; lastKnownFileType = text.plist.xml; path = Info.plist; sourceTree = "<group>"; };
		DC5E8AD51DFBED0000597663 /* UIView+ChainAnimator.h */ = {isa = PBXFileReference; fileEncoding = 4; lastKnownFileType = sourcecode.c.h; path = "UIView+ChainAnimator.h"; sourceTree = "<group>"; };
		DC5E8AD61DFBED0000597663 /* UIView+ChainAnimator.m */ = {isa = PBXFileReference; fileEncoding = 4; lastKnownFileType = sourcecode.c.objc; path = "UIView+ChainAnimator.m"; sourceTree = "<group>"; };
		DC5E8AD81DFBED8B00597663 /* AXChainAnimator.h */ = {isa = PBXFileReference; fileEncoding = 4; lastKnownFileType = sourcecode.c.h; path = AXChainAnimator.h; sourceTree = "<group>"; };
		DC5E8AD91DFBED8B00597663 /* AXChainAnimator.m */ = {isa = PBXFileReference; fileEncoding = 4; lastKnownFileType = sourcecode.c.objc; path = AXChainAnimator.m; sourceTree = "<group>"; };
		DC5E8ADB1DFD006700597663 /* AXChainAnimator+Block.h */ = {isa = PBXFileReference; fileEncoding = 4; lastKnownFileType = sourcecode.c.h; path = "AXChainAnimator+Block.h"; sourceTree = "<group>"; };
		DC788CF11E25CE5F001AF0B4 /* AXSpringAnimation.h */ = {isa = PBXFileReference; fileEncoding = 4; lastKnownFileType = sourcecode.c.h; path = AXSpringAnimation.h; sourceTree = "<group>"; };
		DC788CF21E25CE5F001AF0B4 /* AXSpringAnimation.m */ = {isa = PBXFileReference; fileEncoding = 4; lastKnownFileType = sourcecode.c.objc; path = AXSpringAnimation.m; sourceTree = "<group>"; };
		DC788CF31E25CE5F001AF0B4 /* CAAnimation+Convertable.h */ = {isa = PBXFileReference; fileEncoding = 4; lastKnownFileType = sourcecode.c.h; path = "CAAnimation+Convertable.h"; sourceTree = "<group>"; };
		DC788CF41E25CE5F001AF0B4 /* CAAnimation+Convertable.m */ = {isa = PBXFileReference; fileEncoding = 4; lastKnownFileType = sourcecode.c.objc; path = "CAAnimation+Convertable.m"; sourceTree = "<group>"; };
		DC788CF51E25CE5F001AF0B4 /* CAMediaTimingFunction+Extends.h */ = {isa = PBXFileReference; fileEncoding = 4; lastKnownFileType = sourcecode.c.h; path = "CAMediaTimingFunction+Extends.h"; sourceTree = "<group>"; };
		DC788CF61E25CE5F001AF0B4 /* CAMediaTimingFunction+Extends.m */ = {isa = PBXFileReference; fileEncoding = 4; lastKnownFileType = sourcecode.c.objc; path = "CAMediaTimingFunction+Extends.m"; sourceTree = "<group>"; };
		DC788D391E25D139001AF0B4 /* AXCoreAnimation.h */ = {isa = PBXFileReference; lastKnownFileType = sourcecode.c.h; path = AXCoreAnimation.h; sourceTree = "<group>"; };
		DC80A9791E1F2ED200729EAA /* AnimationConvertableViewController.h */ = {isa = PBXFileReference; fileEncoding = 4; lastKnownFileType = sourcecode.c.h; path = AnimationConvertableViewController.h; sourceTree = "<group>"; };
		DC80A97A1E1F2ED200729EAA /* AnimationConvertableViewController.m */ = {isa = PBXFileReference; fileEncoding = 4; lastKnownFileType = sourcecode.c.objc; path = AnimationConvertableViewController.m; sourceTree = "<group>"; };
		DCAEB20D1E0C140D00E3AF99 /* UIView+AnimationChain.h */ = {isa = PBXFileReference; fileEncoding = 4; lastKnownFileType = sourcecode.c.h; path = "UIView+AnimationChain.h"; sourceTree = "<group>"; };
		DCAEB20E1E0C140D00E3AF99 /* UIView+AnimationChain.m */ = {isa = PBXFileReference; fileEncoding = 4; lastKnownFileType = sourcecode.c.objc; path = "UIView+AnimationChain.m"; sourceTree = "<group>"; };
		DCC749821E2A292100237548 /* AXAnimationChain-Bridging-Header.h */ = {isa = PBXFileReference; lastKnownFileType = sourcecode.c.h; path = "AXAnimationChain-Bridging-Header.h"; sourceTree = "<group>"; };
		DCC749831E2A292200237548 /* StageAnimationsViewController.swift */ = {isa = PBXFileReference; fileEncoding = 4; lastKnownFileType = sourcecode.swift; path = StageAnimationsViewController.swift; sourceTree = "<group>"; };
		DCC749851E2A506C00237548 /* UIView+Effects.h */ = {isa = PBXFileReference; fileEncoding = 4; lastKnownFileType = sourcecode.c.h; path = "UIView+Effects.h"; sourceTree = "<group>"; };
		DCC749861E2A506C00237548 /* UIView+Effects.m */ = {isa = PBXFileReference; fileEncoding = 4; lastKnownFileType = sourcecode.c.objc; path = "UIView+Effects.m"; sourceTree = "<group>"; };
		DCC749881E2B436C00237548 /* AXChainAnimator+Block.m */ = {isa = PBXFileReference; fileEncoding = 4; lastKnownFileType = sourcecode.c.objc; path = "AXChainAnimator+Block.m"; sourceTree = "<group>"; };
/* End PBXFileReference section */

/* Begin PBXFrameworksBuildPhase section */
		DC5E8A9B1DFBEBC400597663 /* Frameworks */ = {
			isa = PBXFrameworksBuildPhase;
			buildActionMask = 2147483647;
			files = (
			);
			runOnlyForDeploymentPostprocessing = 0;
		};
		DC5E8AB41DFBEBC400597663 /* Frameworks */ = {
			isa = PBXFrameworksBuildPhase;
			buildActionMask = 2147483647;
			files = (
			);
			runOnlyForDeploymentPostprocessing = 0;
		};
		DC5E8ABF1DFBEBC400597663 /* Frameworks */ = {
			isa = PBXFrameworksBuildPhase;
			buildActionMask = 2147483647;
			files = (
			);
			runOnlyForDeploymentPostprocessing = 0;
		};
/* End PBXFrameworksBuildPhase section */

/* Begin PBXGroup section */
		DC5E8A951DFBEBC400597663 = {
			isa = PBXGroup;
			children = (
				DC5E8AA01DFBEBC400597663 /* AXAnimationChain */,
				DC5E8ABA1DFBEBC400597663 /* AXAnimationChainTests */,
				DC5E8AC51DFBEBC400597663 /* AXAnimationChainUITests */,
				DC5E8A9F1DFBEBC400597663 /* Products */,
			);
			sourceTree = "<group>";
		};
		DC5E8A9F1DFBEBC400597663 /* Products */ = {
			isa = PBXGroup;
			children = (
				DC5E8A9E1DFBEBC400597663 /* AXAnimationChain.app */,
				DC5E8AB71DFBEBC400597663 /* AXAnimationChainTests.xctest */,
				DC5E8AC21DFBEBC400597663 /* AXAnimationChainUITests.xctest */,
			);
			name = Products;
			sourceTree = "<group>";
		};
		DC5E8AA01DFBEBC400597663 /* AXAnimationChain */ = {
			isa = PBXGroup;
			children = (
				DC5E8AA41DFBEBC400597663 /* AppDelegate.h */,
				DC5E8AA51DFBEBC400597663 /* AppDelegate.m */,
				DC5E8AA71DFBEBC400597663 /* ViewController.h */,
				DC5E8AA81DFBEBC400597663 /* ViewController.m */,
				DC80A9791E1F2ED200729EAA /* AnimationConvertableViewController.h */,
				DC80A97A1E1F2ED200729EAA /* AnimationConvertableViewController.m */,
				DC4786181E29C4A500DC3055 /* ImageAnimationViewController.h */,
				DC4786191E29C4A500DC3055 /* ImageAnimationViewController.m */,
				DCC749831E2A292200237548 /* StageAnimationsViewController.swift */,
				DC5E8AD41DFBEC6A00597663 /* Classes */,
				DC5E8AAA1DFBEBC400597663 /* Main.storyboard */,
				DC5E8AAD1DFBEBC400597663 /* Assets.xcassets */,
				DC5E8AAF1DFBEBC400597663 /* LaunchScreen.storyboard */,
				DC5E8AB21DFBEBC400597663 /* Info.plist */,
				DC5E8AA11DFBEBC400597663 /* Supporting Files */,
				DCC749821E2A292100237548 /* AXAnimationChain-Bridging-Header.h */,
			);
			path = AXAnimationChain;
			sourceTree = "<group>";
		};
		DC5E8AA11DFBEBC400597663 /* Supporting Files */ = {
			isa = PBXGroup;
			children = (
				DC5E8AA21DFBEBC400597663 /* main.m */,
			);
			name = "Supporting Files";
			sourceTree = "<group>";
		};
		DC5E8ABA1DFBEBC400597663 /* AXAnimationChainTests */ = {
			isa = PBXGroup;
			children = (
				DC5E8ABB1DFBEBC400597663 /* AXAnimationChainTests.m */,
				DC5E8ABD1DFBEBC400597663 /* Info.plist */,
			);
			path = AXAnimationChainTests;
			sourceTree = "<group>";
		};
		DC5E8AC51DFBEBC400597663 /* AXAnimationChainUITests */ = {
			isa = PBXGroup;
			children = (
				DC5E8AC61DFBEBC400597663 /* AXAnimationChainUITests.m */,
				DC5E8AC81DFBEBC400597663 /* Info.plist */,
			);
			path = AXAnimationChainUITests;
			sourceTree = "<group>";
		};
		DC5E8AD41DFBEC6A00597663 /* Classes */ = {
			isa = PBXGroup;
			children = (
				DC21DBBA1E1CCB9600E5C0E0 /* AXAnimationChain.h */,
				DCC749851E2A506C00237548 /* UIView+Effects.h */,
				DCC749861E2A506C00237548 /* UIView+Effects.m */,
				DCAEB20D1E0C140D00E3AF99 /* UIView+AnimationChain.h */,
				DCAEB20E1E0C140D00E3AF99 /* UIView+AnimationChain.m */,
				DC5E8AD51DFBED0000597663 /* UIView+ChainAnimator.h */,
				DC5E8AD61DFBED0000597663 /* UIView+ChainAnimator.m */,
				DC5E8ADB1DFD006700597663 /* AXChainAnimator+Block.h */,
				DCC749881E2B436C00237548 /* AXChainAnimator+Block.m */,
				DC5E8AD81DFBED8B00597663 /* AXChainAnimator.h */,
				DC5E8AD91DFBED8B00597663 /* AXChainAnimator.m */,
				DC788CF01E25CE5F001AF0B4 /* CoreAnimation */,
			);
			path = Classes;
			sourceTree = "<group>";
		};
		DC788CF01E25CE5F001AF0B4 /* CoreAnimation */ = {
			isa = PBXGroup;
			children = (
				DC788D391E25D139001AF0B4 /* AXCoreAnimation.h */,
				DC788CF11E25CE5F001AF0B4 /* AXSpringAnimation.h */,
				DC788CF21E25CE5F001AF0B4 /* AXSpringAnimation.m */,
				DC788CF31E25CE5F001AF0B4 /* CAAnimation+Convertable.h */,
				DC788CF41E25CE5F001AF0B4 /* CAAnimation+Convertable.m */,
				DC788CF51E25CE5F001AF0B4 /* CAMediaTimingFunction+Extends.h */,
				DC788CF61E25CE5F001AF0B4 /* CAMediaTimingFunction+Extends.m */,
			);
			path = CoreAnimation;
			sourceTree = "<group>";
		};
/* End PBXGroup section */

/* Begin PBXNativeTarget section */
		DC5E8A9D1DFBEBC400597663 /* AXAnimationChain */ = {
			isa = PBXNativeTarget;
			buildConfigurationList = DC5E8ACB1DFBEBC400597663 /* Build configuration list for PBXNativeTarget "AXAnimationChain" */;
			buildPhases = (
				DC5E8A9A1DFBEBC400597663 /* Sources */,
				DC5E8A9B1DFBEBC400597663 /* Frameworks */,
				DC5E8A9C1DFBEBC400597663 /* Resources */,
			);
			buildRules = (
			);
			dependencies = (
			);
			name = AXAnimationChain;
			productName = AXAnimationChain;
			productReference = DC5E8A9E1DFBEBC400597663 /* AXAnimationChain.app */;
			productType = "com.apple.product-type.application";
		};
		DC5E8AB61DFBEBC400597663 /* AXAnimationChainTests */ = {
			isa = PBXNativeTarget;
			buildConfigurationList = DC5E8ACE1DFBEBC500597663 /* Build configuration list for PBXNativeTarget "AXAnimationChainTests" */;
			buildPhases = (
				DC5E8AB31DFBEBC400597663 /* Sources */,
				DC5E8AB41DFBEBC400597663 /* Frameworks */,
				DC5E8AB51DFBEBC400597663 /* Resources */,
			);
			buildRules = (
			);
			dependencies = (
				DC5E8AB91DFBEBC400597663 /* PBXTargetDependency */,
			);
			name = AXAnimationChainTests;
			productName = AXAnimationChainTests;
			productReference = DC5E8AB71DFBEBC400597663 /* AXAnimationChainTests.xctest */;
			productType = "com.apple.product-type.bundle.unit-test";
		};
		DC5E8AC11DFBEBC400597663 /* AXAnimationChainUITests */ = {
			isa = PBXNativeTarget;
			buildConfigurationList = DC5E8AD11DFBEBC500597663 /* Build configuration list for PBXNativeTarget "AXAnimationChainUITests" */;
			buildPhases = (
				DC5E8ABE1DFBEBC400597663 /* Sources */,
				DC5E8ABF1DFBEBC400597663 /* Frameworks */,
				DC5E8AC01DFBEBC400597663 /* Resources */,
			);
			buildRules = (
			);
			dependencies = (
				DC5E8AC41DFBEBC400597663 /* PBXTargetDependency */,
			);
			name = AXAnimationChainUITests;
			productName = AXAnimationChainUITests;
			productReference = DC5E8AC21DFBEBC400597663 /* AXAnimationChainUITests.xctest */;
			productType = "com.apple.product-type.bundle.ui-testing";
		};
/* End PBXNativeTarget section */

/* Begin PBXProject section */
		DC5E8A961DFBEBC400597663 /* Project object */ = {
			isa = PBXProject;
			attributes = {
				LastUpgradeCheck = 0820;
				ORGANIZATIONNAME = devedbox;
				TargetAttributes = {
					DC5E8A9D1DFBEBC400597663 = {
						CreatedOnToolsVersion = 8.1;
						DevelopmentTeam = TKA48YVS5T;
						LastSwiftMigration = 0820;
						ProvisioningStyle = Automatic;
					};
					DC5E8AB61DFBEBC400597663 = {
						CreatedOnToolsVersion = 8.1;
						DevelopmentTeam = TKA48YVS5T;
						ProvisioningStyle = Automatic;
						TestTargetID = DC5E8A9D1DFBEBC400597663;
					};
					DC5E8AC11DFBEBC400597663 = {
						CreatedOnToolsVersion = 8.1;
						DevelopmentTeam = TKA48YVS5T;
						ProvisioningStyle = Automatic;
						TestTargetID = DC5E8A9D1DFBEBC400597663;
					};
				};
			};
			buildConfigurationList = DC5E8A991DFBEBC400597663 /* Build configuration list for PBXProject "AXAnimationChain" */;
			compatibilityVersion = "Xcode 3.2";
			developmentRegion = English;
			hasScannedForEncodings = 0;
			knownRegions = (
				en,
				Base,
			);
			mainGroup = DC5E8A951DFBEBC400597663;
			productRefGroup = DC5E8A9F1DFBEBC400597663 /* Products */;
			projectDirPath = "";
			projectRoot = "";
			targets = (
				DC5E8A9D1DFBEBC400597663 /* AXAnimationChain */,
				DC5E8AB61DFBEBC400597663 /* AXAnimationChainTests */,
				DC5E8AC11DFBEBC400597663 /* AXAnimationChainUITests */,
			);
		};
/* End PBXProject section */

/* Begin PBXResourcesBuildPhase section */
		DC5E8A9C1DFBEBC400597663 /* Resources */ = {
			isa = PBXResourcesBuildPhase;
			buildActionMask = 2147483647;
			files = (
				DC5E8AB11DFBEBC400597663 /* LaunchScreen.storyboard in Resources */,
				DC5E8AAE1DFBEBC400597663 /* Assets.xcassets in Resources */,
				DC5E8AAC1DFBEBC400597663 /* Main.storyboard in Resources */,
			);
			runOnlyForDeploymentPostprocessing = 0;
		};
		DC5E8AB51DFBEBC400597663 /* Resources */ = {
			isa = PBXResourcesBuildPhase;
			buildActionMask = 2147483647;
			files = (
			);
			runOnlyForDeploymentPostprocessing = 0;
		};
		DC5E8AC01DFBEBC400597663 /* Resources */ = {
			isa = PBXResourcesBuildPhase;
			buildActionMask = 2147483647;
			files = (
			);
			runOnlyForDeploymentPostprocessing = 0;
		};
/* End PBXResourcesBuildPhase section */

/* Begin PBXSourcesBuildPhase section */
		DC5E8A9A1DFBEBC400597663 /* Sources */ = {
			isa = PBXSourcesBuildPhase;
			buildActionMask = 2147483647;
			files = (
				DCC749841E2A292200237548 /* StageAnimationsViewController.swift in Sources */,
				DC788CF81E25CE5F001AF0B4 /* CAAnimation+Convertable.m in Sources */,
				DC788CF91E25CE5F001AF0B4 /* CAMediaTimingFunction+Extends.m in Sources */,
				DC80A97B1E1F2ED200729EAA /* AnimationConvertableViewController.m in Sources */,
				DC5E8AA91DFBEBC400597663 /* ViewController.m in Sources */,
				DC5E8AD71DFBED0000597663 /* UIView+ChainAnimator.m in Sources */,
				DCC749871E2A506C00237548 /* UIView+Effects.m in Sources */,
				DCC749891E2B436C00237548 /* AXChainAnimator+Block.m in Sources */,
				DC5E8ADA1DFBED8B00597663 /* AXChainAnimator.m in Sources */,
				DCAEB20F1E0C140D00E3AF99 /* UIView+AnimationChain.m in Sources */,
				DC5E8AA61DFBEBC400597663 /* AppDelegate.m in Sources */,
				DC5E8AA31DFBEBC400597663 /* main.m in Sources */,
				DC47861A1E29C4A500DC3055 /* ImageAnimationViewController.m in Sources */,
				DC788CF71E25CE5F001AF0B4 /* AXSpringAnimation.m in Sources */,
			);
			runOnlyForDeploymentPostprocessing = 0;
		};
		DC5E8AB31DFBEBC400597663 /* Sources */ = {
			isa = PBXSourcesBuildPhase;
			buildActionMask = 2147483647;
			files = (
				DC5E8ABC1DFBEBC400597663 /* AXAnimationChainTests.m in Sources */,
			);
			runOnlyForDeploymentPostprocessing = 0;
		};
		DC5E8ABE1DFBEBC400597663 /* Sources */ = {
			isa = PBXSourcesBuildPhase;
			buildActionMask = 2147483647;
			files = (
				DC5E8AC71DFBEBC400597663 /* AXAnimationChainUITests.m in Sources */,
			);
			runOnlyForDeploymentPostprocessing = 0;
		};
/* End PBXSourcesBuildPhase section */

/* Begin PBXTargetDependency section */
		DC5E8AB91DFBEBC400597663 /* PBXTargetDependency */ = {
			isa = PBXTargetDependency;
			target = DC5E8A9D1DFBEBC400597663 /* AXAnimationChain */;
			targetProxy = DC5E8AB81DFBEBC400597663 /* PBXContainerItemProxy */;
		};
		DC5E8AC41DFBEBC400597663 /* PBXTargetDependency */ = {
			isa = PBXTargetDependency;
			target = DC5E8A9D1DFBEBC400597663 /* AXAnimationChain */;
			targetProxy = DC5E8AC31DFBEBC400597663 /* PBXContainerItemProxy */;
		};
/* End PBXTargetDependency section */

/* Begin PBXVariantGroup section */
		DC5E8AAA1DFBEBC400597663 /* Main.storyboard */ = {
			isa = PBXVariantGroup;
			children = (
				DC5E8AAB1DFBEBC400597663 /* Base */,
			);
			name = Main.storyboard;
			sourceTree = "<group>";
		};
		DC5E8AAF1DFBEBC400597663 /* LaunchScreen.storyboard */ = {
			isa = PBXVariantGroup;
			children = (
				DC5E8AB01DFBEBC400597663 /* Base */,
			);
			name = LaunchScreen.storyboard;
			sourceTree = "<group>";
		};
/* End PBXVariantGroup section */

/* Begin XCBuildConfiguration section */
		DC5E8AC91DFBEBC400597663 /* Debug */ = {
			isa = XCBuildConfiguration;
			buildSettings = {
				ALWAYS_SEARCH_USER_PATHS = NO;
				CLANG_ANALYZER_NONNULL = YES;
				CLANG_CXX_LANGUAGE_STANDARD = "gnu++0x";
				CLANG_CXX_LIBRARY = "libc++";
				CLANG_ENABLE_MODULES = YES;
				CLANG_ENABLE_OBJC_ARC = YES;
				CLANG_WARN_BOOL_CONVERSION = YES;
				CLANG_WARN_CONSTANT_CONVERSION = YES;
				CLANG_WARN_DIRECT_OBJC_ISA_USAGE = YES_ERROR;
				CLANG_WARN_DOCUMENTATION_COMMENTS = YES;
				CLANG_WARN_EMPTY_BODY = YES;
				CLANG_WARN_ENUM_CONVERSION = YES;
				CLANG_WARN_INFINITE_RECURSION = YES;
				CLANG_WARN_INT_CONVERSION = YES;
				CLANG_WARN_OBJC_ROOT_CLASS = YES_ERROR;
				CLANG_WARN_SUSPICIOUS_MOVE = YES;
				CLANG_WARN_SUSPICIOUS_MOVES = YES;
				CLANG_WARN_UNREACHABLE_CODE = YES;
				CLANG_WARN__DUPLICATE_METHOD_MATCH = YES;
				"CODE_SIGN_IDENTITY[sdk=iphoneos*]" = "iPhone Developer";
				COPY_PHASE_STRIP = NO;
				DEBUG_INFORMATION_FORMAT = dwarf;
				ENABLE_STRICT_OBJC_MSGSEND = YES;
				ENABLE_TESTABILITY = YES;
				GCC_C_LANGUAGE_STANDARD = gnu99;
				GCC_DYNAMIC_NO_PIC = NO;
				GCC_NO_COMMON_BLOCKS = YES;
				GCC_OPTIMIZATION_LEVEL = 0;
				GCC_PREPROCESSOR_DEFINITIONS = (
					"DEBUG=1",
					"$(inherited)",
				);
				GCC_WARN_64_TO_32_BIT_CONVERSION = YES;
				GCC_WARN_ABOUT_RETURN_TYPE = YES_ERROR;
				GCC_WARN_UNDECLARED_SELECTOR = YES;
				GCC_WARN_UNINITIALIZED_AUTOS = YES_AGGRESSIVE;
				GCC_WARN_UNUSED_FUNCTION = YES;
				GCC_WARN_UNUSED_VARIABLE = YES;
				IPHONEOS_DEPLOYMENT_TARGET = 10.1;
				MTL_ENABLE_DEBUG_INFO = YES;
				ONLY_ACTIVE_ARCH = YES;
				SDKROOT = iphoneos;
			};
			name = Debug;
		};
		DC5E8ACA1DFBEBC400597663 /* Release */ = {
			isa = XCBuildConfiguration;
			buildSettings = {
				ALWAYS_SEARCH_USER_PATHS = NO;
				CLANG_ANALYZER_NONNULL = YES;
				CLANG_CXX_LANGUAGE_STANDARD = "gnu++0x";
				CLANG_CXX_LIBRARY = "libc++";
				CLANG_ENABLE_MODULES = YES;
				CLANG_ENABLE_OBJC_ARC = YES;
				CLANG_WARN_BOOL_CONVERSION = YES;
				CLANG_WARN_CONSTANT_CONVERSION = YES;
				CLANG_WARN_DIRECT_OBJC_ISA_USAGE = YES_ERROR;
				CLANG_WARN_DOCUMENTATION_COMMENTS = YES;
				CLANG_WARN_EMPTY_BODY = YES;
				CLANG_WARN_ENUM_CONVERSION = YES;
				CLANG_WARN_INFINITE_RECURSION = YES;
				CLANG_WARN_INT_CONVERSION = YES;
				CLANG_WARN_OBJC_ROOT_CLASS = YES_ERROR;
				CLANG_WARN_SUSPICIOUS_MOVE = YES;
				CLANG_WARN_SUSPICIOUS_MOVES = YES;
				CLANG_WARN_UNREACHABLE_CODE = YES;
				CLANG_WARN__DUPLICATE_METHOD_MATCH = YES;
				"CODE_SIGN_IDENTITY[sdk=iphoneos*]" = "iPhone Developer";
				COPY_PHASE_STRIP = NO;
				DEBUG_INFORMATION_FORMAT = "dwarf-with-dsym";
				ENABLE_NS_ASSERTIONS = NO;
				ENABLE_STRICT_OBJC_MSGSEND = YES;
				GCC_C_LANGUAGE_STANDARD = gnu99;
				GCC_NO_COMMON_BLOCKS = YES;
				GCC_WARN_64_TO_32_BIT_CONVERSION = YES;
				GCC_WARN_ABOUT_RETURN_TYPE = YES_ERROR;
				GCC_WARN_UNDECLARED_SELECTOR = YES;
				GCC_WARN_UNINITIALIZED_AUTOS = YES_AGGRESSIVE;
				GCC_WARN_UNUSED_FUNCTION = YES;
				GCC_WARN_UNUSED_VARIABLE = YES;
				IPHONEOS_DEPLOYMENT_TARGET = 10.1;
				MTL_ENABLE_DEBUG_INFO = NO;
				SDKROOT = iphoneos;
				VALIDATE_PRODUCT = YES;
			};
			name = Release;
		};
		DC5E8ACC1DFBEBC400597663 /* Debug */ = {
			isa = XCBuildConfiguration;
			buildSettings = {
				ASSETCATALOG_COMPILER_APPICON_NAME = AppIcon;
				CLANG_ENABLE_MODULES = YES;
				DEVELOPMENT_TEAM = TKA48YVS5T;
				INFOPLIST_FILE = AXAnimationChain/Info.plist;
				IPHONEOS_DEPLOYMENT_TARGET = 8.0;
				LD_RUNPATH_SEARCH_PATHS = "$(inherited) @executable_path/Frameworks";
				PRODUCT_BUNDLE_IDENTIFIER = devedbox.AXAnimationChain;
				PRODUCT_NAME = "$(TARGET_NAME)";
				SWIFT_OBJC_BRIDGING_HEADER = "AXAnimationChain/AXAnimationChain-Bridging-Header.h";
				SWIFT_OPTIMIZATION_LEVEL = "-Onone";
				SWIFT_VERSION = 3.0;
			};
			name = Debug;
		};
		DC5E8ACD1DFBEBC400597663 /* Release */ = {
			isa = XCBuildConfiguration;
			buildSettings = {
				ASSETCATALOG_COMPILER_APPICON_NAME = AppIcon;
				CLANG_ENABLE_MODULES = YES;
				DEVELOPMENT_TEAM = TKA48YVS5T;
				INFOPLIST_FILE = AXAnimationChain/Info.plist;
				IPHONEOS_DEPLOYMENT_TARGET = 8.0;
				LD_RUNPATH_SEARCH_PATHS = "$(inherited) @executable_path/Frameworks";
				PRODUCT_BUNDLE_IDENTIFIER = devedbox.AXAnimationChain;
				PRODUCT_NAME = "$(TARGET_NAME)";
				SWIFT_OBJC_BRIDGING_HEADER = "AXAnimationChain/AXAnimationChain-Bridging-Header.h";
				SWIFT_VERSION = 3.0;
			};
			name = Release;
		};
		DC5E8ACF1DFBEBC500597663 /* Debug */ = {
			isa = XCBuildConfiguration;
			buildSettings = {
				ALWAYS_EMBED_SWIFT_STANDARD_LIBRARIES = YES;
				BUNDLE_LOADER = "$(TEST_HOST)";
				DEVELOPMENT_TEAM = TKA48YVS5T;
				INFOPLIST_FILE = AXAnimationChainTests/Info.plist;
				LD_RUNPATH_SEARCH_PATHS = "$(inherited) @executable_path/Frameworks @loader_path/Frameworks";
				PRODUCT_BUNDLE_IDENTIFIER = devedbox.AXAnimationChainTests;
				PRODUCT_NAME = "$(TARGET_NAME)";
				TEST_HOST = "$(BUILT_PRODUCTS_DIR)/AXAnimationChain.app/AXAnimationChain";
			};
			name = Debug;
		};
		DC5E8AD01DFBEBC500597663 /* Release */ = {
			isa = XCBuildConfiguration;
			buildSettings = {
				ALWAYS_EMBED_SWIFT_STANDARD_LIBRARIES = YES;
				BUNDLE_LOADER = "$(TEST_HOST)";
				DEVELOPMENT_TEAM = TKA48YVS5T;
				INFOPLIST_FILE = AXAnimationChainTests/Info.plist;
				LD_RUNPATH_SEARCH_PATHS = "$(inherited) @executable_path/Frameworks @loader_path/Frameworks";
				PRODUCT_BUNDLE_IDENTIFIER = devedbox.AXAnimationChainTests;
				PRODUCT_NAME = "$(TARGET_NAME)";
				TEST_HOST = "$(BUILT_PRODUCTS_DIR)/AXAnimationChain.app/AXAnimationChain";
			};
			name = Release;
		};
		DC5E8AD21DFBEBC500597663 /* Debug */ = {
			isa = XCBuildConfiguration;
			buildSettings = {
				ALWAYS_EMBED_SWIFT_STANDARD_LIBRARIES = YES;
				DEVELOPMENT_TEAM = TKA48YVS5T;
				INFOPLIST_FILE = AXAnimationChainUITests/Info.plist;
				LD_RUNPATH_SEARCH_PATHS = "$(inherited) @executable_path/Frameworks @loader_path/Frameworks";
				PRODUCT_BUNDLE_IDENTIFIER = devedbox.AXAnimationChainUITests;
				PRODUCT_NAME = "$(TARGET_NAME)";
				TEST_TARGET_NAME = AXAnimationChain;
			};
			name = Debug;
		};
		DC5E8AD31DFBEBC500597663 /* Release */ = {
			isa = XCBuildConfiguration;
			buildSettings = {
				ALWAYS_EMBED_SWIFT_STANDARD_LIBRARIES = YES;
				DEVELOPMENT_TEAM = TKA48YVS5T;
				INFOPLIST_FILE = AXAnimationChainUITests/Info.plist;
				LD_RUNPATH_SEARCH_PATHS = "$(inherited) @executable_path/Frameworks @loader_path/Frameworks";
				PRODUCT_BUNDLE_IDENTIFIER = devedbox.AXAnimationChainUITests;
				PRODUCT_NAME = "$(TARGET_NAME)";
				TEST_TARGET_NAME = AXAnimationChain;
			};
			name = Release;
		};
/* End XCBuildConfiguration section */

/* Begin XCConfigurationList section */
		DC5E8A991DFBEBC400597663 /* Build configuration list for PBXProject "AXAnimationChain" */ = {
			isa = XCConfigurationList;
			buildConfigurations = (
				DC5E8AC91DFBEBC400597663 /* Debug */,
				DC5E8ACA1DFBEBC400597663 /* Release */,
			);
			defaultConfigurationIsVisible = 0;
			defaultConfigurationName = Release;
		};
		DC5E8ACB1DFBEBC400597663 /* Build configuration list for PBXNativeTarget "AXAnimationChain" */ = {
			isa = XCConfigurationList;
			buildConfigurations = (
				DC5E8ACC1DFBEBC400597663 /* Debug */,
				DC5E8ACD1DFBEBC400597663 /* Release */,
			);
			defaultConfigurationIsVisible = 0;
			defaultConfigurationName = Release;
		};
		DC5E8ACE1DFBEBC500597663 /* Build configuration list for PBXNativeTarget "AXAnimationChainTests" */ = {
			isa = XCConfigurationList;
			buildConfigurations = (
				DC5E8ACF1DFBEBC500597663 /* Debug */,
				DC5E8AD01DFBEBC500597663 /* Release */,
			);
			defaultConfigurationIsVisible = 0;
			defaultConfigurationName = Release;
		};
		DC5E8AD11DFBEBC500597663 /* Build configuration list for PBXNativeTarget "AXAnimationChainUITests" */ = {
			isa = XCConfigurationList;
			buildConfigurations = (
				DC5E8AD21DFBEBC500597663 /* Debug */,
				DC5E8AD31DFBEBC500597663 /* Release */,
			);
			defaultConfigurationIsVisible = 0;
			defaultConfigurationName = Release;
		};
/* End XCConfigurationList section */
	};
	rootObject = DC5E8A961DFBEBC400597663 /* Project object */;
}
